
Microsoft Visual Studio Solution File, Format Version 12.00
# Visual Studio 2015
Project("{FAE04EC0-301F-11D3-BF4B-00C04F79EFBC}") = "Relaxity", "Relaxity.csproj", "{D665B720-BEBD-2B2F-EF14-8BBED37B7CB8}"
EndProject
Project("{FAE04EC0-301F-11D3-BF4B-00C04F79EFBC}") = "Relaxity.Editor", "Relaxity.Editor.csproj", "{EBA90675-3131-8AA5-FEE2-4F45BEBCD838}"
EndProject
Global
	GlobalSection(SolutionConfigurationPlatforms) = preSolution
		Debug|Any CPU = Debug|Any CPU
		Release|Any CPU = Release|Any CPU
	EndGlobalSection
	GlobalSection(ProjectConfigurationPlatforms) = postSolution
		{D665B720-BEBD-2B2F-EF14-8BBED37B7CB8}.Debug|Any CPU.ActiveCfg = Debug|Any CPU
		{D665B720-BEBD-2B2F-EF14-8BBED37B7CB8}.Debug|Any CPU.Build.0 = Debug|Any CPU
		{D665B720-BEBD-2B2F-EF14-8BBED37B7CB8}.Release|Any CPU.ActiveCfg = Release|Any CPU
		{D665B720-BEBD-2B2F-EF14-8BBED37B7CB8}.Release|Any CPU.Build.0 = Release|Any CPU
		{EBA90675-3131-8AA5-FEE2-4F45BEBCD838}.Debug|Any CPU.ActiveCfg = Debug|Any CPU
		{EBA90675-3131-8AA5-FEE2-4F45BEBCD838}.Debug|Any CPU.Build.0 = Debug|Any CPU
		{EBA90675-3131-8AA5-FEE2-4F45BEBCD838}.Release|Any CPU.ActiveCfg = Release|Any CPU
		{EBA90675-3131-8AA5-FEE2-4F45BEBCD838}.Release|Any CPU.Build.0 = Release|Any CPU
	EndGlobalSection
	GlobalSection(SolutionProperties) = preSolution
		HideSolutionNode = FALSE
	EndGlobalSection
EndGlobal
